{
  "name": "cli-step",
  "version": "1.0.0",
  "lockfileVersion": 1,
  "requires": true,
  "dependencies": {
    "cli-spinner": {
      "version": "0.2.6",
      "resolved": "https://registry.npmjs.org/cli-spinner/-/cli-spinner-0.2.6.tgz",
      "integrity": "sha1-illwMyTpOpCPbmAeTnT1uFs3Hlw="
    },
    "colors": {
      "version": "1.1.2",
      "resolved": "https://registry.npmjs.org/colors/-/colors-1.1.2.tgz",
      "integrity": "sha1-FopHAXVran9RoSzgyXv6KMCE7WM="
    },
    "lodash.toarray": {
      "version": "4.4.0",
      "resolved": "https://registry.npmjs.org/lodash.toarray/-/lodash.toarray-4.4.0.tgz",
      "integrity": "sha1-JMS/zWsvuji/0FlNsRedjptlZWE="
    },
    "node-emoji": {
      "version": "1.8.1",
      "resolved": "https://registry.npmjs.org/node-emoji/-/node-emoji-1.8.1.tgz",
      "integrity": "sha512-+ktMAh1Jwas+TnGodfCfjUbJKoANqPaJFN0z0iqh41eqD8dvguNzcitVSBSVK1pidz0AqGbLKcoVuVLRVZ/aVg==",
      "requires": {
        "lodash.toarray": "4.4.0"
      }
    }
  }
}
